github.com/tabnas/debug/go v0.3.0 h1:2JDbvzMjC4vIa2+R7u7fZ0jt1OoP6x8qg/L8ZQbcn2c=
github.com/tabnas/debug/go v0.3.0/go.mod h1:v4x9MmwEx2madQQXF38KlRmwHbYq1Tdt3mw/lLeHVN0=
github.com/tabnas/json/go v0.5.0 h1:xLBvt8KcNA3URQBrpRgkjK+I/n7F4pRa50tkiWves88=
github.com/tabnas/json/go v0.5.0/go.mod h1:1rtv5Gt8VqvfsRUhMw3DhHa79cZ67VnwjjIOoYiWcSE=
github.com/tabnas/jsonic/go v0.6.0 h1:FT0qJvh3NmqFYb/rRcsTC2rh2zGt8lt2vc2gITgCQ4U=
github.com/tabnas/jsonic/go v0.6.0/go.mod h1:D/jvwtI1DWkZZQSiZu1dX8ENa6hfTVlGbv2vsZVji14=
github.com/tabnas/parser/go v0.8.0 h1:ej1Ei6yLFQp/bJ7dF+cUUTPZgEJ6ZnSBd2WEgot2J8k=
github.com/tabnas/parser/go v0.8.0/go.mod h1:WrlfEVyZ1QjEIowWiyEu3K1iHj7wxuPut5zoH9Trehk=
