github.com/tabnas/debug/go v0.3.6 h1:WhVagcUtyk7lF4B30ZS9RhmRyHVupuCrJQEg7qOZCPI=
github.com/tabnas/debug/go v0.3.6/go.mod h1:taF7ArNW4PNRp/BTNBXvKUoEckXLW6KUHNCZ6i9nV7o=
github.com/tabnas/json/go v0.5.7 h1:rgJs/3jKcH3QkNJgqyzcs5Px78jJ2fnc5F9FZ2Wmtuc=
github.com/tabnas/json/go v0.5.7/go.mod h1:8sLM+05GOiEC1gET99Pq3X2LO3AjD1SB3/EqoN7JRIg=
github.com/tabnas/jsonic/go v0.7.0 h1:CZYLbZ4PqKqDVr2TOuEo8v/uFiMm/Rz/mYmQXW4ecgs=
github.com/tabnas/jsonic/go v0.7.0/go.mod h1:9wOW3KkdKFNWrgYqR+J7v0fKNJY7hGs5uhWiyXDu8dI=
github.com/tabnas/parser/go v0.12.0 h1:kB/dWqdiR4U1O3jHmYT7FsqC6HjoTvoPYOMo9lnpJ2I=
github.com/tabnas/parser/go v0.12.0/go.mod h1:WrlfEVyZ1QjEIowWiyEu3K1iHj7wxuPut5zoH9Trehk=
github.com/tabnas/support/go v0.3.4 h1:c4+byVeX5sRXJN/KBEOSfpCu5i59o6MWetVHM5MtqOA=
github.com/tabnas/support/go v0.3.4/go.mod h1:q+EGPO8fRFQAYDwRHFH4lafD5l5W/NCdY8vhN9IJOkY=
